
Microsoft Visual Studio Solution File, Format Version 12.00
# Visual Studio Version 16
VisualStudioVersion = 16.0.31025.194
MinimumVisualStudioVersion = 10.0.40219.1
Project("{FAE04EC0-301F-11D3-BF4B-00C04F79EFBC}") = "MDIMouseCheck", "MDIMouseCheck\MDIMouseCheck.csproj", "{028D99AF-D593-49C8-90D9-99D561DE4716}"
EndProject
Global
	GlobalSection(SolutionConfigurationPlatforms) = preSolution
		Debug|Any CPU = Debug|Any CPU
		Release|Any CPU = Release|Any CPU
	EndGlobalSection
	GlobalSection(ProjectConfigurationPlatforms) = postSolution
		{028D99AF-D593-49C8-90D9-99D561DE4716}.Debug|Any CPU.ActiveCfg = Debug|Any CPU
		{028D99AF-D593-49C8-90D9-99D561DE4716}.Debug|Any CPU.Build.0 = Debug|Any CPU
		{028D99AF-D593-49C8-90D9-99D561DE4716}.Release|Any CPU.ActiveCfg = Release|Any CPU
		{028D99AF-D593-49C8-90D9-99D561DE4716}.Release|Any CPU.Build.0 = Release|Any CPU
	EndGlobalSection
	GlobalSection(SolutionProperties) = preSolution
		HideSolutionNode = FALSE
	EndGlobalSection
	GlobalSection(ExtensibilityGlobals) = postSolution
		SolutionGuid = {2E2C81C3-8F3B-4774-B036-AB98E69B5B9C}
	EndGlobalSection
EndGlobal
